// !$*UTF8*$!
{
	archiveVersion = 1;
	classes = {
	};
	objectVersion = 56;
	objects = {

/* Begin PBXBuildFile section */
		4093FB952DB48CF0005AFBA2 /* SoloViewController.swift in Sources */ = {isa = PBXBuildFile; fileRef = 4093FB942DB48CF0005AFBA2 /* SoloViewController.swift */; };
		6441570C2B4E8DCD002897FE /* AppDelegate.swift in Sources */ = {isa = PBXBuildFile; fileRef = 6441570B2B4E8DCD002897FE /* AppDelegate.swift */; };
		6441570E2B4E8DCD002897FE /* art.scnassets in Resources */ = {isa = PBXBuildFile; fileRef = 6441570D2B4E8DCD002897FE /* art.scnassets */; };
		644157102B4E8DCD002897FE /* ViewController.swift in Sources */ = {isa = PBXBuildFile; fileRef = 6441570F2B4E8DCD002897FE /* ViewController.swift */; };
		644157132B4E8DCD002897FE /* Main.storyboard in Resources */ = {isa = PBXBuildFile; fileRef = 644157112B4E8DCD002897FE /* Main.storyboard */; };
		644157152B4E8DCE002897FE /* Assets.xcassets in Resources */ = {isa = PBXBuildFile; fileRef = 644157142B4E8DCE002897FE /* Assets.xcassets */; };
		644157182B4E8DCE002897FE /* LaunchScreen.storyboard in Resources */ = {isa = PBXBuildFile; fileRef = 644157162B4E8DCE002897FE /* LaunchScreen.storyboard */; };
		644157222B4E8DCE002897FE /* AR_Tank2Tests.swift in Sources */ = {isa = PBXBuildFile; fileRef = 644157212B4E8DCE002897FE /* AR_Tank2Tests.swift */; };
		6441572C2B4E8DCE002897FE /* AR_Tank2UITests.swift in Sources */ = {isa = PBXBuildFile; fileRef = 6441572B2B4E8DCE002897FE /* AR_Tank2UITests.swift */; };
		6441572E2B4E8DCE002897FE /* AR_Tank2UITestsLaunchTests.swift in Sources */ = {isa = PBXBuildFile; fileRef = 6441572D2B4E8DCE002897FE /* AR_Tank2UITestsLaunchTests.swift */; };
		6441575C2B4E8F06002897FE /* tank_red.scn in Resources */ = {isa = PBXBuildFile; fileRef = 6441573A2B4E8F06002897FE /* tank_red.scn */; };
		6441575E2B4E8F06002897FE /* cones.scn in Resources */ = {isa = PBXBuildFile; fileRef = 6441573C2B4E8F06002897FE /* cones.scn */; };
		6441575F2B4E8F06002897FE /* cones.dae in Resources */ = {isa = PBXBuildFile; fileRef = 6441573D2B4E8F06002897FE /* cones.dae */; };
		644157602B4E8F06002897FE /* tank_blue.dae in Resources */ = {isa = PBXBuildFile; fileRef = 6441573E2B4E8F06002897FE /* tank_blue.dae */; };
		644157612B4E8F06002897FE /* ForConnection.swift in Sources */ = {isa = PBXBuildFile; fileRef = 6441573F2B4E8F06002897FE /* ForConnection.swift */; };
		644157632B4E8F06002897FE /* Wall.swift in Sources */ = {isa = PBXBuildFile; fileRef = 644157412B4E8F06002897FE /* Wall.swift */; };
		644157642B4E8F06002897FE /* PathButton.swift in Sources */ = {isa = PBXBuildFile; fileRef = 644157422B4E8F06002897FE /* PathButton.swift */; };
		644157652B4E8F06002897FE /* TOL_Interpriter.swift in Sources */ = {isa = PBXBuildFile; fileRef = 644157432B4E8F06002897FE /* TOL_Interpriter.swift */; };
		644157662B4E8F06002897FE /* wall_painted.png in Resources */ = {isa = PBXBuildFile; fileRef = 644157442B4E8F06002897FE /* wall_painted.png */; };
		644157672B4E8F06002897FE /* TapProcesser.swift in Sources */ = {isa = PBXBuildFile; fileRef = 644157452B4E8F06002897FE /* TapProcesser.swift */; };
		644157682B4E8F06002897FE /* wall.scn in Resources */ = {isa = PBXBuildFile; fileRef = 644157462B4E8F06002897FE /* wall.scn */; };
		644157692B4E8F06002897FE /* wall.dae in Resources */ = {isa = PBXBuildFile; fileRef = 644157472B4E8F06002897FE /* wall.dae */; };
		6441576A2B4E8F06002897FE /* tank_blue.scn in Resources */ = {isa = PBXBuildFile; fileRef = 644157482B4E8F06002897FE /* tank_blue.scn */; };
		6441576B2B4E8F06002897FE /* tank_red.dae in Resources */ = {isa = PBXBuildFile; fileRef = 644157492B4E8F06002897FE /* tank_red.dae */; };
		6441576C2B4E8F06002897FE /* Member.swift in Sources */ = {isa = PBXBuildFile; fileRef = 6441574A2B4E8F06002897FE /* Member.swift */; };
		6441576E2B4E8F06002897FE /* EditorElement.swift in Sources */ = {isa = PBXBuildFile; fileRef = 6441574C2B4E8F06002897FE /* EditorElement.swift */; };
		6441576F2B4E8F06002897FE /* ForAutonomousBehavior.swift in Sources */ = {isa = PBXBuildFile; fileRef = 6441574D2B4E8F06002897FE /* ForAutonomousBehavior.swift */; };
		644157702B4E8F06002897FE /* EditorViewController.swift in Sources */ = {isa = PBXBuildFile; fileRef = 6441574E2B4E8F06002897FE /* EditorViewController.swift */; };
		644157722B4E8F06002897FE /* ValueDecisionViewController.swift in Sources */ = {isa = PBXBuildFile; fileRef = 644157502B4E8F06002897FE /* ValueDecisionViewController.swift */; };
		644157732B4E8F06002897FE /* ReceiveData.swift in Sources */ = {isa = PBXBuildFile; fileRef = 644157512B4E8F06002897FE /* ReceiveData.swift */; };
		644157742B4E8F06002897FE /* msgLabel.swift in Sources */ = {isa = PBXBuildFile; fileRef = 644157522B4E8F06002897FE /* msgLabel.swift */; };
		644157752B4E8F06002897FE /* PathViewController.swift in Sources */ = {isa = PBXBuildFile; fileRef = 644157532B4E8F06002897FE /* PathViewController.swift */; };
		644157762B4E8F06002897FE /* Bullet.swift in Sources */ = {isa = PBXBuildFile; fileRef = 644157542B4E8F06002897FE /* Bullet.swift */; };
		644157772B4E8F06002897FE /* Notification.swift in Sources */ = {isa = PBXBuildFile; fileRef = 644157552B4E8F06002897FE /* Notification.swift */; };
		644157792B4E8F06002897FE /* BattleViewController.swift in Sources */ = {isa = PBXBuildFile; fileRef = 644157572B4E8F06002897FE /* BattleViewController.swift */; };
		6441577A2B4E8F06002897FE /* Tank.swift in Sources */ = {isa = PBXBuildFile; fileRef = 644157582B4E8F06002897FE /* Tank.swift */; };
		6441577B2B4E8F06002897FE /* SettingViewController.swift in Sources */ = {isa = PBXBuildFile; fileRef = 644157592B4E8F06002897FE /* SettingViewController.swift */; };
		6441577C2B4E8F06002897FE /* StageSelect.swift in Sources */ = {isa = PBXBuildFile; fileRef = 6441575A2B4E8F06002897FE /* StageSelect.swift */; };
		644EB1282B8D1220003E65EF /* Localizable.strings in Resources */ = {isa = PBXBuildFile; fileRef = 644EB12A2B8D1220003E65EF /* Localizable.strings */; };
		644EB12D2B8D1DB9003E65EF /* InfoPlist.strings in Resources */ = {isa = PBXBuildFile; fileRef = 644EB12F2B8D1DB9003E65EF /* InfoPlist.strings */; };
		6460BC352B4EDB5A00046A30 /* HelpViewController.swift in Sources */ = {isa = PBXBuildFile; fileRef = 6460BC342B4EDB5A00046A30 /* HelpViewController.swift */; };
		6460BC372B4F15EE00046A30 /* icon.png in Resources */ = {isa = PBXBuildFile; fileRef = 6460BC362B4F15EE00046A30 /* icon.png */; };
		649D28C42B8E7D8A0015E4E8 /* Wood_Dif.jpg in Resources */ = {isa = PBXBuildFile; fileRef = 649D28C32B8E7D8A0015E4E8 /* Wood_Dif.jpg */; };
		649D28C62B8E7E530015E4E8 /* table.dae in Resources */ = {isa = PBXBuildFile; fileRef = 649D28C52B8E7E530015E4E8 /* table.dae */; };
		649D28C82B8E7E5A0015E4E8 /* table.scn in Resources */ = {isa = PBXBuildFile; fileRef = 649D28C72B8E7E5A0015E4E8 /* table.scn */; };
/* End PBXBuildFile section */

/* Begin PBXContainerItemProxy section */
		6441571E2B4E8DCE002897FE /* PBXContainerItemProxy */ = {
			isa = PBXContainerItemProxy;
			containerPortal = 644157002B4E8DCD002897FE /* Project object */;
			proxyType = 1;
			remoteGlobalIDString = 644157072B4E8DCD002897FE;
			remoteInfo = "AR-Tank2";
		};
		644157282B4E8DCE002897FE /* PBXContainerItemProxy */ = {
			isa = PBXContainerItemProxy;
			containerPortal = 644157002B4E8DCD002897FE /* Project object */;
			proxyType = 1;
			remoteGlobalIDString = 644157072B4E8DCD002897FE;
			remoteInfo = "AR-Tank2";
		};
/* End PBXContainerItemProxy section */

/* Begin PBXFileReference section */
		4093FB942DB48CF0005AFBA2 /* SoloViewController.swift */ = {isa = PBXFileReference; lastKnownFileType = sourcecode.swift; path = SoloViewController.swift; sourceTree = "<group>"; };
		643C9E552B8C8A6100A1F87E /* Info.plist */ = {isa = PBXFileReference; fileEncoding = 4; lastKnownFileType = text.plist.xml; path = Info.plist; sourceTree = "<group>"; };
		643C9E5C2B8C8E8600A1F87E /* ja */ = {isa = PBXFileReference; lastKnownFileType = text.plist.strings; name = ja; path = ja.lproj/Main.strings; sourceTree = "<group>"; };
		643C9E5D2B8C8E8600A1F87E /* ja */ = {isa = PBXFileReference; lastKnownFileType = text.plist.strings; name = ja; path = ja.lproj/LaunchScreen.strings; sourceTree = "<group>"; };
		644157082B4E8DCD002897FE /* AR-Tank2.app */ = {isa = PBXFileReference; explicitFileType = wrapper.application; includeInIndex = 0; path = "AR-Tank2.app"; sourceTree = BUILT_PRODUCTS_DIR; };
		6441570B2B4E8DCD002897FE /* AppDelegate.swift */ = {isa = PBXFileReference; lastKnownFileType = sourcecode.swift; path = AppDelegate.swift; sourceTree = "<group>"; };
		6441570D2B4E8DCD002897FE /* art.scnassets */ = {isa = PBXFileReference; lastKnownFileType = wrapper.scnassets; path = art.scnassets; sourceTree = "<group>"; };
		6441570F2B4E8DCD002897FE /* ViewController.swift */ = {isa = PBXFileReference; lastKnownFileType = sourcecode.swift; path = ViewController.swift; sourceTree = "<group>"; };
		644157122B4E8DCD002897FE /* Base */ = {isa = PBXFileReference; lastKnownFileType = file.storyboard; name = Base; path = Base.lproj/Main.storyboard; sourceTree = "<group>"; };
		644157142B4E8DCE002897FE /* Assets.xcassets */ = {isa = PBXFileReference; lastKnownFileType = folder.assetcatalog; path = Assets.xcassets; sourceTree = "<group>"; };
		644157172B4E8DCE002897FE /* Base */ = {isa = PBXFileReference; lastKnownFileType = file.storyboard; name = Base; path = Base.lproj/LaunchScreen.storyboard; sourceTree = "<group>"; };
		6441571D2B4E8DCE002897FE /* AR-Tank2Tests.xctest */ = {isa = PBXFileReference; explicitFileType = wrapper.cfbundle; includeInIndex = 0; path = "AR-Tank2Tests.xctest"; sourceTree = BUILT_PRODUCTS_DIR; };
		644157212B4E8DCE002897FE /* AR_Tank2Tests.swift */ = {isa = PBXFileReference; lastKnownFileType = sourcecode.swift; path = AR_Tank2Tests.swift; sourceTree = "<group>"; };
		644157272B4E8DCE002897FE /* AR-Tank2UITests.xctest */ = {isa = PBXFileReference; explicitFileType = wrapper.cfbundle; includeInIndex = 0; path = "AR-Tank2UITests.xctest"; sourceTree = BUILT_PRODUCTS_DIR; };
		6441572B2B4E8DCE002897FE /* AR_Tank2UITests.swift */ = {isa = PBXFileReference; lastKnownFileType = sourcecode.swift; path = AR_Tank2UITests.swift; sourceTree = "<group>"; };
		6441572D2B4E8DCE002897FE /* AR_Tank2UITestsLaunchTests.swift */ = {isa = PBXFileReference; lastKnownFileType = sourcecode.swift; path = AR_Tank2UITestsLaunchTests.swift; sourceTree = "<group>"; };
		6441573A2B4E8F06002897FE /* tank_red.scn */ = {isa = PBXFileReference; lastKnownFileType = file.bplist; path = tank_red.scn; sourceTree = "<group>"; };
		6441573C2B4E8F06002897FE /* cones.scn */ = {isa = PBXFileReference; lastKnownFileType = file.bplist; path = cones.scn; sourceTree = "<group>"; };
		6441573D2B4E8F06002897FE /* cones.dae */ = {isa = PBXFileReference; fileEncoding = 4; lastKnownFileType = text.xml.dae; path = cones.dae; sourceTree = "<group>"; };
		6441573E2B4E8F06002897FE /* tank_blue.dae */ = {isa = PBXFileReference; fileEncoding = 4; lastKnownFileType = text.xml.dae; path = tank_blue.dae; sourceTree = "<group>"; };
		6441573F2B4E8F06002897FE /* ForConnection.swift */ = {isa = PBXFileReference; fileEncoding = 4; lastKnownFileType = sourcecode.swift; path = ForConnection.swift; sourceTree = "<group>"; };
		644157412B4E8F06002897FE /* Wall.swift */ = {isa = PBXFileReference; fileEncoding = 4; lastKnownFileType = sourcecode.swift; path = Wall.swift; sourceTree = "<group>"; };
		644157422B4E8F06002897FE /* PathButton.swift */ = {isa = PBXFileReference; fileEncoding = 4; lastKnownFileType = sourcecode.swift; path = PathButton.swift; sourceTree = "<group>"; };
		644157432B4E8F06002897FE /* TOL_Interpriter.swift */ = {isa = PBXFileReference; fileEncoding = 4; lastKnownFileType = sourcecode.swift; path = TOL_Interpriter.swift; sourceTree = "<group>"; };
		644157442B4E8F06002897FE /* wall_painted.png */ = {isa = PBXFileReference; lastKnownFileType = image.png; path = wall_painted.png; sourceTree = "<group>"; };
		644157452B4E8F06002897FE /* TapProcesser.swift */ = {isa = PBXFileReference; fileEncoding = 4; lastKnownFileType = sourcecode.swift; path = TapProcesser.swift; sourceTree = "<group>"; };
		644157462B4E8F06002897FE /* wall.scn */ = {isa = PBXFileReference; lastKnownFileType = file.bplist; path = wall.scn; sourceTree = "<group>"; };
		644157472B4E8F06002897FE /* wall.dae */ = {isa = PBXFileReference; fileEncoding = 4; lastKnownFileType = text.xml.dae; path = wall.dae; sourceTree = "<group>"; };
		644157482B4E8F06002897FE /* tank_blue.scn */ = {isa = PBXFileReference; lastKnownFileType = file.bplist; path = tank_blue.scn; sourceTree = "<group>"; };
		644157492B4E8F06002897FE /* tank_red.dae */ = {isa = PBXFileReference; fileEncoding = 4; lastKnownFileType = text.xml.dae; path = tank_red.dae; sourceTree = "<group>"; };
		6441574A2B4E8F06002897FE /* Member.swift */ = {isa = PBXFileReference; fileEncoding = 4; lastKnownFileType = sourcecode.swift; path = Member.swift; sourceTree = "<group>"; };
		6441574C2B4E8F06002897FE /* EditorElement.swift */ = {isa = PBXFileReference; fileEncoding = 4; lastKnownFileType = sourcecode.swift; path = EditorElement.swift; sourceTree = "<group>"; };
		6441574D2B4E8F06002897FE /* ForAutonomousBehavior.swift */ = {isa = PBXFileReference; fileEncoding = 4; lastKnownFileType = sourcecode.swift; path = ForAutonomousBehavior.swift; sourceTree = "<group>"; };
		6441574E2B4E8F06002897FE /* EditorViewController.swift */ = {isa = PBXFileReference; fileEncoding = 4; lastKnownFileType = sourcecode.swift; path = EditorViewController.swift; sourceTree = "<group>"; };
		644157502B4E8F06002897FE /* ValueDecisionViewController.swift */ = {isa = PBXFileReference; fileEncoding = 4; lastKnownFileType = sourcecode.swift; path = ValueDecisionViewController.swift; sourceTree = "<group>"; };
		644157512B4E8F06002897FE /* ReceiveData.swift */ = {isa = PBXFileReference; fileEncoding = 4; lastKnownFileType = sourcecode.swift; path = ReceiveData.swift; sourceTree = "<group>"; };
		644157522B4E8F06002897FE /* msgLabel.swift */ = {isa = PBXFileReference; fileEncoding = 4; lastKnownFileType = sourcecode.swift; path = msgLabel.swift; sourceTree = "<group>"; };
		644157532B4E8F06002897FE /* PathViewController.swift */ = {isa = PBXFileReference; fileEncoding = 4; lastKnownFileType = sourcecode.swift; path = PathViewController.swift; sourceTree = "<group>"; };
		644157542B4E8F06002897FE /* Bullet.swift */ = {isa = PBXFileReference; fileEncoding = 4; lastKnownFileType = sourcecode.swift; path = Bullet.swift; sourceTree = "<group>"; };
		644157552B4E8F06002897FE /* Notification.swift */ = {isa = PBXFileReference; fileEncoding = 4; lastKnownFileType = sourcecode.swift; path = Notification.swift; sourceTree = "<group>"; };
		644157572B4E8F06002897FE /* BattleViewController.swift */ = {isa = PBXFileReference; fileEncoding = 4; lastKnownFileType = sourcecode.swift; path = BattleViewController.swift; sourceTree = "<group>"; };
		644157582B4E8F06002897FE /* Tank.swift */ = {isa = PBXFileReference; fileEncoding = 4; lastKnownFileType = sourcecode.swift; path = Tank.swift; sourceTree = "<group>"; };
		644157592B4E8F06002897FE /* SettingViewController.swift */ = {isa = PBXFileReference; fileEncoding = 4; lastKnownFileType = sourcecode.swift; path = SettingViewController.swift; sourceTree = "<group>"; };
		6441575A2B4E8F06002897FE /* StageSelect.swift */ = {isa = PBXFileReference; fileEncoding = 4; lastKnownFileType = sourcecode.swift; path = StageSelect.swift; sourceTree = "<group>"; };
		644EB1242B8D1201003E65EF /* zh-Hans */ = {isa = PBXFileReference; lastKnownFileType = text.plist.strings; name = "zh-Hans"; path = "zh-Hans.lproj/LaunchScreen.strings"; sourceTree = "<group>"; };
		644EB1252B8D1201003E65EF /* zh-Hans */ = {isa = PBXFileReference; lastKnownFileType = text.plist.strings; name = "zh-Hans"; path = "zh-Hans.lproj/Main.strings"; sourceTree = "<group>"; };
		644EB1292B8D1220003E65EF /* zh-Hans */ = {isa = PBXFileReference; lastKnownFileType = text.plist.strings; name = "zh-Hans"; path = "zh-Hans.lproj/Localizable.strings"; sourceTree = "<group>"; };
		644EB12E2B8D1DB9003E65EF /* ja */ = {isa = PBXFileReference; lastKnownFileType = text.plist.strings; name = ja; path = ja.lproj/InfoPlist.strings; sourceTree = "<group>"; };
		644EB1302B8D1DBE003E65EF /* zh-Hans */ = {isa = PBXFileReference; lastKnownFileType = text.plist.strings; name = "zh-Hans"; path = "zh-Hans.lproj/InfoPlist.strings"; sourceTree = "<group>"; };
		644EB1312B8D1DF4003E65EF /* ja */ = {isa = PBXFileReference; lastKnownFileType = text.plist.strings; name = ja; path = ja.lproj/Localizable.strings; sourceTree = "<group>"; };
		644EB1322B8D1F02003E65EF /* en */ = {isa = PBXFileReference; lastKnownFileType = text.plist.strings; name = en; path = en.lproj/InfoPlist.strings; sourceTree = "<group>"; };
		6460BC342B4EDB5A00046A30 /* HelpViewController.swift */ = {isa = PBXFileReference; lastKnownFileType = sourcecode.swift; path = HelpViewController.swift; sourceTree = "<group>"; };
		6460BC362B4F15EE00046A30 /* icon.png */ = {isa = PBXFileReference; lastKnownFileType = image.png; path = icon.png; sourceTree = "<group>"; };
		649D28C32B8E7D8A0015E4E8 /* Wood_Dif.jpg */ = {isa = PBXFileReference; lastKnownFileType = image.jpeg; path = Wood_Dif.jpg; sourceTree = "<group>"; };
		649D28C52B8E7E530015E4E8 /* table.dae */ = {isa = PBXFileReference; fileEncoding = 4; lastKnownFileType = text.xml.dae; path = table.dae; sourceTree = "<group>"; };
		649D28C72B8E7E5A0015E4E8 /* table.scn */ = {isa = PBXFileReference; lastKnownFileType = file.bplist; path = table.scn; sourceTree = "<group>"; };
/* End PBXFileReference section */

/* Begin PBXFrameworksBuildPhase section */
		644157052B4E8DCD002897FE /* Frameworks */ = {
			isa = PBXFrameworksBuildPhase;
			buildActionMask = 2147483647;
			files = (
			);
			runOnlyForDeploymentPostprocessing = 0;
		};
		6441571A2B4E8DCE002897FE /* Frameworks */ = {
			isa = PBXFrameworksBuildPhase;
			buildActionMask = 2147483647;
			files = (
			);
			runOnlyForDeploymentPostprocessing = 0;
		};
		644157242B4E8DCE002897FE /* Frameworks */ = {
			isa = PBXFrameworksBuildPhase;
			buildActionMask = 2147483647;
			files = (
			);
			runOnlyForDeploymentPostprocessing = 0;
		};
/* End PBXFrameworksBuildPhase section */

/* Begin PBXGroup section */
		644156FF2B4E8DCD002897FE = {
			isa = PBXGroup;
			children = (
				6441570A2B4E8DCD002897FE /* AR-Tank2 */,
				644157202B4E8DCE002897FE /* AR-Tank2Tests */,
				6441572A2B4E8DCE002897FE /* AR-Tank2UITests */,
				644157092B4E8DCD002897FE /* Products */,
			);
			sourceTree = "<group>";
		};
		644157092B4E8DCD002897FE /* Products */ = {
			isa = PBXGroup;
			children = (
				644157082B4E8DCD002897FE /* AR-Tank2.app */,
				6441571D2B4E8DCE002897FE /* AR-Tank2Tests.xctest */,
				644157272B4E8DCE002897FE /* AR-Tank2UITests.xctest */,
			);
			name = Products;
			sourceTree = "<group>";
		};
		6441570A2B4E8DCD002897FE /* AR-Tank2 */ = {
			isa = PBXGroup;
			children = (
				643C9E552B8C8A6100A1F87E /* Info.plist */,
				6441570B2B4E8DCD002897FE /* AppDelegate.swift */,
				6441570D2B4E8DCD002897FE /* art.scnassets */,
				644157162B4E8DCE002897FE /* LaunchScreen.storyboard */,
				644157112B4E8DCD002897FE /* Main.storyboard */,
				644157142B4E8DCE002897FE /* Assets.xcassets */,
				644157552B4E8F06002897FE /* Notification.swift */,
				6441570F2B4E8DCD002897FE /* ViewController.swift */,
				644157592B4E8F06002897FE /* SettingViewController.swift */,
				644157502B4E8F06002897FE /* ValueDecisionViewController.swift */,
				6441574E2B4E8F06002897FE /* EditorViewController.swift */,
				6441574C2B4E8F06002897FE /* EditorElement.swift */,
				644157522B4E8F06002897FE /* msgLabel.swift */,
				644157542B4E8F06002897FE /* Bullet.swift */,
				644157582B4E8F06002897FE /* Tank.swift */,
				644157412B4E8F06002897FE /* Wall.swift */,
				644157452B4E8F06002897FE /* TapProcesser.swift */,
				644157512B4E8F06002897FE /* ReceiveData.swift */,
				6441573F2B4E8F06002897FE /* ForConnection.swift */,
				644157422B4E8F06002897FE /* PathButton.swift */,
				6441574A2B4E8F06002897FE /* Member.swift */,
				644157532B4E8F06002897FE /* PathViewController.swift */,
				6441574D2B4E8F06002897FE /* ForAutonomousBehavior.swift */,
				4093FB942DB48CF0005AFBA2 /* SoloViewController.swift */,
				6441575A2B4E8F06002897FE /* StageSelect.swift */,
				644157572B4E8F06002897FE /* BattleViewController.swift */,
				6460BC342B4EDB5A00046A30 /* HelpViewController.swift */,
				644157432B4E8F06002897FE /* TOL_Interpriter.swift */,
				644EB12F2B8D1DB9003E65EF /* InfoPlist.strings */,
				644EB12A2B8D1220003E65EF /* Localizable.strings */,
				6460BC362B4F15EE00046A30 /* icon.png */,
				649D28C52B8E7E530015E4E8 /* table.dae */,
				649D28C72B8E7E5A0015E4E8 /* table.scn */,
				6441573D2B4E8F06002897FE /* cones.dae */,
				6441573C2B4E8F06002897FE /* cones.scn */,
				6441573E2B4E8F06002897FE /* tank_blue.dae */,
				644157482B4E8F06002897FE /* tank_blue.scn */,
				644157492B4E8F06002897FE /* tank_red.dae */,
				6441573A2B4E8F06002897FE /* tank_red.scn */,
				644157472B4E8F06002897FE /* wall.dae */,
				644157462B4E8F06002897FE /* wall.scn */,
				649D28C32B8E7D8A0015E4E8 /* Wood_Dif.jpg */,
				644157442B4E8F06002897FE /* wall_painted.png */,
			);
			path = "AR-Tank2";
			sourceTree = "<group>";
		};
		644157202B4E8DCE002897FE /* AR-Tank2Tests */ = {
			isa = PBXGroup;
			children = (
				644157212B4E8DCE002897FE /* AR_Tank2Tests.swift */,
			);
			path = "AR-Tank2Tests";
			sourceTree = "<group>";
		};
		6441572A2B4E8DCE002897FE /* AR-Tank2UITests */ = {
			isa = PBXGroup;
			children = (
				6441572B2B4E8DCE002897FE /* AR_Tank2UITests.swift */,
				6441572D2B4E8DCE002897FE /* AR_Tank2UITestsLaunchTests.swift */,
			);
			path = "AR-Tank2UITests";
			sourceTree = "<group>";
		};
/* End PBXGroup section */

/* Begin PBXNativeTarget section */
		644157072B4E8DCD002897FE /* AR-Tank2 */ = {
			isa = PBXNativeTarget;
			buildConfigurationList = 644157312B4E8DCE002897FE /* Build configuration list for PBXNativeTarget "AR-Tank2" */;
			buildPhases = (
				644157042B4E8DCD002897FE /* Sources */,
				644157052B4E8DCD002897FE /* Frameworks */,
				644157062B4E8DCD002897FE /* Resources */,
			);
			buildRules = (
			);
			dependencies = (
			);
			name = "AR-Tank2";
			productName = "AR-Tank2";
			productReference = 644157082B4E8DCD002897FE /* AR-Tank2.app */;
			productType = "com.apple.product-type.application";
		};
		6441571C2B4E8DCE002897FE /* AR-Tank2Tests */ = {
			isa = PBXNativeTarget;
			buildConfigurationList = 644157342B4E8DCE002897FE /* Build configuration list for PBXNativeTarget "AR-Tank2Tests" */;
			buildPhases = (
				644157192B4E8DCE002897FE /* Sources */,
				6441571A2B4E8DCE002897FE /* Frameworks */,
				6441571B2B4E8DCE002897FE /* Resources */,
			);
			buildRules = (
			);
			dependencies = (
				6441571F2B4E8DCE002897FE /* PBXTargetDependency */,
			);
			name = "AR-Tank2Tests";
			productName = "AR-Tank2Tests";
			productReference = 6441571D2B4E8DCE002897FE /* AR-Tank2Tests.xctest */;
			productType = "com.apple.product-type.bundle.unit-test";
		};
		644157262B4E8DCE002897FE /* AR-Tank2UITests */ = {
			isa = PBXNativeTarget;
			buildConfigurationList = 644157372B4E8DCE002897FE /* Build configuration list for PBXNativeTarget "AR-Tank2UITests" */;
			buildPhases = (
				644157232B4E8DCE002897FE /* Sources */,
				644157242B4E8DCE002897FE /* Frameworks */,
				644157252B4E8DCE002897FE /* Resources */,
			);
			buildRules = (
			);
			dependencies = (
				644157292B4E8DCE002897FE /* PBXTargetDependency */,
			);
			name = "AR-Tank2UITests";
			productName = "AR-Tank2UITests";
			productReference = 644157272B4E8DCE002897FE /* AR-Tank2UITests.xctest */;
			productType = "com.apple.product-type.bundle.ui-testing";
		};
/* End PBXNativeTarget section */

/* Begin PBXProject section */
		644157002B4E8DCD002897FE /* Project object */ = {
			isa = PBXProject;
			attributes = {
				BuildIndependentTargetsInParallel = 1;
				LastSwiftUpdateCheck = 1500;
				LastUpgradeCheck = 1500;
				TargetAttributes = {
					644157072B4E8DCD002897FE = {
						CreatedOnToolsVersion = 15.0.1;
					};
					6441571C2B4E8DCE002897FE = {
						CreatedOnToolsVersion = 15.0.1;
						TestTargetID = 644157072B4E8DCD002897FE;
					};
					644157262B4E8DCE002897FE = {
						CreatedOnToolsVersion = 15.0.1;
						TestTargetID = 644157072B4E8DCD002897FE;
					};
				};
			};
			buildConfigurationList = 644157032B4E8DCD002897FE /* Build configuration list for PBXProject "AR-Tank2" */;
			compatibilityVersion = "Xcode 14.0";
			developmentRegion = en;
			hasScannedForEncodings = 0;
			knownRegions = (
				en,
				Base,
				ja,
				"zh-Hans",
			);
			mainGroup = 644156FF2B4E8DCD002897FE;
			productRefGroup = 644157092B4E8DCD002897FE /* Products */;
			projectDirPath = "";
			projectRoot = "";
			targets = (
				644157072B4E8DCD002897FE /* AR-Tank2 */,
				6441571C2B4E8DCE002897FE /* AR-Tank2Tests */,
				644157262B4E8DCE002897FE /* AR-Tank2UITests */,
			);
		};
/* End PBXProject section */

/* Begin PBXResourcesBuildPhase section */
		644157062B4E8DCD002897FE /* Resources */ = {
			isa = PBXResourcesBuildPhase;
			buildActionMask = 2147483647;
			files = (
				644157692B4E8F06002897FE /* wall.dae in Resources */,
				6441576B2B4E8F06002897FE /* tank_red.dae in Resources */,
				644157682B4E8F06002897FE /* wall.scn in Resources */,
				649D28C82B8E7E5A0015E4E8 /* table.scn in Resources */,
				6441575C2B4E8F06002897FE /* tank_red.scn in Resources */,
				644157662B4E8F06002897FE /* wall_painted.png in Resources */,
				644EB12D2B8D1DB9003E65EF /* InfoPlist.strings in Resources */,
				6441570E2B4E8DCD002897FE /* art.scnassets in Resources */,
				644157602B4E8F06002897FE /* tank_blue.dae in Resources */,
				644157182B4E8DCE002897FE /* LaunchScreen.storyboard in Resources */,
				6460BC372B4F15EE00046A30 /* icon.png in Resources */,
				6441575E2B4E8F06002897FE /* cones.scn in Resources */,
				649D28C42B8E7D8A0015E4E8 /* Wood_Dif.jpg in Resources */,
				6441576A2B4E8F06002897FE /* tank_blue.scn in Resources */,
				644157152B4E8DCE002897FE /* Assets.xcassets in Resources */,
				644EB1282B8D1220003E65EF /* Localizable.strings in Resources */,
				6441575F2B4E8F06002897FE /* cones.dae in Resources */,
				644157132B4E8DCD002897FE /* Main.storyboard in Resources */,
				649D28C62B8E7E530015E4E8 /* table.dae in Resources */,
			);
			runOnlyForDeploymentPostprocessing = 0;
		};
		6441571B2B4E8DCE002897FE /* Resources */ = {
			isa = PBXResourcesBuildPhase;
			buildActionMask = 2147483647;
			files = (
			);
			runOnlyForDeploymentPostprocessing = 0;
		};
		644157252B4E8DCE002897FE /* Resources */ = {
			isa = PBXResourcesBuildPhase;
			buildActionMask = 2147483647;
			files = (
			);
			runOnlyForDeploymentPostprocessing = 0;
		};
/* End PBXResourcesBuildPhase section */

/* Begin PBXSourcesBuildPhase section */
		644157042B4E8DCD002897FE /* Sources */ = {
			isa = PBXSourcesBuildPhase;
			buildActionMask = 2147483647;
			files = (
				644157722B4E8F06002897FE /* ValueDecisionViewController.swift in Sources */,
				6460BC352B4EDB5A00046A30 /* HelpViewController.swift in Sources */,
				644157752B4E8F06002897FE /* PathViewController.swift in Sources */,
				644157732B4E8F06002897FE /* ReceiveData.swift in Sources */,
				644157632B4E8F06002897FE /* Wall.swift in Sources */,
				644157762B4E8F06002897FE /* Bullet.swift in Sources */,
				644157612B4E8F06002897FE /* ForConnection.swift in Sources */,
				644157792B4E8F06002897FE /* BattleViewController.swift in Sources */,
				6441577B2B4E8F06002897FE /* SettingViewController.swift in Sources */,
				644157672B4E8F06002897FE /* TapProcesser.swift in Sources */,
				644157642B4E8F06002897FE /* PathButton.swift in Sources */,
				644157102B4E8DCD002897FE /* ViewController.swift in Sources */,
				644157652B4E8F06002897FE /* TOL_Interpriter.swift in Sources */,
				6441576F2B4E8F06002897FE /* ForAutonomousBehavior.swift in Sources */,
				6441570C2B4E8DCD002897FE /* AppDelegate.swift in Sources */,
				644157742B4E8F06002897FE /* msgLabel.swift in Sources */,
				6441577A2B4E8F06002897FE /* Tank.swift in Sources */,
				644157772B4E8F06002897FE /* Notification.swift in Sources */,
				4093FB952DB48CF0005AFBA2 /* SoloViewController.swift in Sources */,
				6441576C2B4E8F06002897FE /* Member.swift in Sources */,
				6441576E2B4E8F06002897FE /* EditorElement.swift in Sources */,
				6441577C2B4E8F06002897FE /* StageSelect.swift in Sources */,
				644157702B4E8F06002897FE /* EditorViewController.swift in Sources */,
			);
			runOnlyForDeploymentPostprocessing = 0;
		};
		644157192B4E8DCE002897FE /* Sources */ = {
			isa = PBXSourcesBuildPhase;
			buildActionMask = 2147483647;
			files = (
				644157222B4E8DCE002897FE /* AR_Tank2Tests.swift in Sources */,
			);
			runOnlyForDeploymentPostprocessing = 0;
		};
		644157232B4E8DCE002897FE /* Sources */ = {
			isa = PBXSourcesBuildPhase;
			buildActionMask = 2147483647;
			files = (
				6441572E2B4E8DCE002897FE /* AR_Tank2UITestsLaunchTests.swift in Sources */,
				6441572C2B4E8DCE002897FE /* AR_Tank2UITests.swift in Sources */,
			);
			runOnlyForDeploymentPostprocessing = 0;
		};
/* End PBXSourcesBuildPhase section */

/* Begin PBXTargetDependency section */
		6441571F2B4E8DCE002897FE /* PBXTargetDependency */ = {
			isa = PBXTargetDependency;
			target = 644157072B4E8DCD002897FE /* AR-Tank2 */;
			targetProxy = 6441571E2B4E8DCE002897FE /* PBXContainerItemProxy */;
		};
		644157292B4E8DCE002897FE /* PBXTargetDependency */ = {
			isa = PBXTargetDependency;
			target = 644157072B4E8DCD002897FE /* AR-Tank2 */;
			targetProxy = 644157282B4E8DCE002897FE /* PBXContainerItemProxy */;
		};
/* End PBXTargetDependency section */

/* Begin PBXVariantGroup section */
		644157112B4E8DCD002897FE /* Main.storyboard */ = {
			isa = PBXVariantGroup;
			children = (
				644157122B4E8DCD002897FE /* Base */,
				643C9E5C2B8C8E8600A1F87E /* ja */,
				644EB1252B8D1201003E65EF /* zh-Hans */,
			);
			name = Main.storyboard;
			sourceTree = "<group>";
		};
		644157162B4E8DCE002897FE /* LaunchScreen.storyboard */ = {
			isa = PBXVariantGroup;
			children = (
				644157172B4E8DCE002897FE /* Base */,
				643C9E5D2B8C8E8600A1F87E /* ja */,
				644EB1242B8D1201003E65EF /* zh-Hans */,
			);
			name = LaunchScreen.storyboard;
			sourceTree = "<group>";
		};
		644EB12A2B8D1220003E65EF /* Localizable.strings */ = {
			isa = PBXVariantGroup;
			children = (
				644EB1292B8D1220003E65EF /* zh-Hans */,
				644EB1312B8D1DF4003E65EF /* ja */,
			);
			name = Localizable.strings;
			sourceTree = "<group>";
		};
		644EB12F2B8D1DB9003E65EF /* InfoPlist.strings */ = {
			isa = PBXVariantGroup;
			children = (
				644EB12E2B8D1DB9003E65EF /* ja */,
				644EB1302B8D1DBE003E65EF /* zh-Hans */,
				644EB1322B8D1F02003E65EF /* en */,
			);
			name = InfoPlist.strings;
			sourceTree = "<group>";
		};
/* End PBXVariantGroup section */

/* Begin XCBuildConfiguration section */
		6441572F2B4E8DCE002897FE /* Debug */ = {
			isa = XCBuildConfiguration;
			buildSettings = {
				ALWAYS_SEARCH_USER_PATHS = NO;
				ASSETCATALOG_COMPILER_GENERATE_SWIFT_ASSET_SYMBOL_EXTENSIONS = YES;
				CLANG_ANALYZER_LOCALIZABILITY_NONLOCALIZED = YES;
				CLANG_ANALYZER_NONNULL = YES;
				CLANG_ANALYZER_NUMBER_OBJECT_CONVERSION = YES_AGGRESSIVE;
				CLANG_CXX_LANGUAGE_STANDARD = "gnu++20";
				CLANG_ENABLE_MODULES = YES;
				CLANG_ENABLE_OBJC_ARC = YES;
				CLANG_ENABLE_OBJC_WEAK = YES;
				CLANG_WARN_BLOCK_CAPTURE_AUTORELEASING = YES;
				CLANG_WARN_BOOL_CONVERSION = YES;
				CLANG_WARN_COMMA = YES;
				CLANG_WARN_CONSTANT_CONVERSION = YES;
				CLANG_WARN_DEPRECATED_OBJC_IMPLEMENTATIONS = YES;
				CLANG_WARN_DIRECT_OBJC_ISA_USAGE = YES_ERROR;
				CLANG_WARN_DOCUMENTATION_COMMENTS = YES;
				CLANG_WARN_EMPTY_BODY = YES;
				CLANG_WARN_ENUM_CONVERSION = YES;
				CLANG_WARN_INFINITE_RECURSION = YES;
				CLANG_WARN_INT_CONVERSION = YES;
				CLANG_WARN_NON_LITERAL_NULL_CONVERSION = YES;
				CLANG_WARN_OBJC_IMPLICIT_RETAIN_SELF = YES;
				CLANG_WARN_OBJC_LITERAL_CONVERSION = YES;
				CLANG_WARN_OBJC_ROOT_CLASS = YES_ERROR;
				CLANG_WARN_QUOTED_INCLUDE_IN_FRAMEWORK_HEADER = YES;
				CLANG_WARN_RANGE_LOOP_ANALYSIS = YES;
				CLANG_WARN_STRICT_PROTOTYPES = YES;
				CLANG_WARN_SUSPICIOUS_MOVE = YES;
				CLANG_WARN_UNGUARDED_AVAILABILITY = YES_AGGRESSIVE;
				CLANG_WARN_UNREACHABLE_CODE = YES;
				CLANG_WARN__DUPLICATE_METHOD_MATCH = YES;
				COPY_PHASE_STRIP = NO;
				DEBUG_INFORMATION_FORMAT = dwarf;
				ENABLE_STRICT_OBJC_MSGSEND = YES;
				ENABLE_TESTABILITY = YES;
				ENABLE_USER_SCRIPT_SANDBOXING = YES;
				GCC_C_LANGUAGE_STANDARD = gnu17;
				GCC_DYNAMIC_NO_PIC = NO;
				GCC_NO_COMMON_BLOCKS = YES;
				GCC_OPTIMIZATION_LEVEL = 0;
				GCC_PREPROCESSOR_DEFINITIONS = (
					"DEBUG=1",
					"$(inherited)",
				);
				GCC_WARN_64_TO_32_BIT_CONVERSION = YES;
				GCC_WARN_ABOUT_RETURN_TYPE = YES_ERROR;
				GCC_WARN_UNDECLARED_SELECTOR = YES;
				GCC_WARN_UNINITIALIZED_AUTOS = YES_AGGRESSIVE;
				GCC_WARN_UNUSED_FUNCTION = YES;
				GCC_WARN_UNUSED_VARIABLE = YES;
				IPHONEOS_DEPLOYMENT_TARGET = 17.0;
				LOCALIZATION_PREFERS_STRING_CATALOGS = YES;
				MTL_ENABLE_DEBUG_INFO = INCLUDE_SOURCE;
				MTL_FAST_MATH = YES;
				ONLY_ACTIVE_ARCH = YES;
				SDKROOT = iphoneos;
				SWIFT_ACTIVE_COMPILATION_CONDITIONS = "DEBUG $(inherited)";
				SWIFT_OPTIMIZATION_LEVEL = "-Onone";
			};
			name = Debug;
		};
		644157302B4E8DCE002897FE /* Release */ = {
			isa = XCBuildConfiguration;
			buildSettings = {
				ALWAYS_SEARCH_USER_PATHS = NO;
				ASSETCATALOG_COMPILER_GENERATE_SWIFT_ASSET_SYMBOL_EXTENSIONS = YES;
				CLANG_ANALYZER_LOCALIZABILITY_NONLOCALIZED = YES;
				CLANG_ANALYZER_NONNULL = YES;
				CLANG_ANALYZER_NUMBER_OBJECT_CONVERSION = YES_AGGRESSIVE;
				CLANG_CXX_LANGUAGE_STANDARD = "gnu++20";
				CLANG_ENABLE_MODULES = YES;
				CLANG_ENABLE_OBJC_ARC = YES;
				CLANG_ENABLE_OBJC_WEAK = YES;
				CLANG_WARN_BLOCK_CAPTURE_AUTORELEASING = YES;
				CLANG_WARN_BOOL_CONVERSION = YES;
				CLANG_WARN_COMMA = YES;
				CLANG_WARN_CONSTANT_CONVERSION = YES;
				CLANG_WARN_DEPRECATED_OBJC_IMPLEMENTATIONS = YES;
				CLANG_WARN_DIRECT_OBJC_ISA_USAGE = YES_ERROR;
				CLANG_WARN_DOCUMENTATION_COMMENTS = YES;
				CLANG_WARN_EMPTY_BODY = YES;
				CLANG_WARN_ENUM_CONVERSION = YES;
				CLANG_WARN_INFINITE_RECURSION = YES;
				CLANG_WARN_INT_CONVERSION = YES;
				CLANG_WARN_NON_LITERAL_NULL_CONVERSION = YES;
				CLANG_WARN_OBJC_IMPLICIT_RETAIN_SELF = YES;
				CLANG_WARN_OBJC_LITERAL_CONVERSION = YES;
				CLANG_WARN_OBJC_ROOT_CLASS = YES_ERROR;
				CLANG_WARN_QUOTED_INCLUDE_IN_FRAMEWORK_HEADER = YES;
				CLANG_WARN_RANGE_LOOP_ANALYSIS = YES;
				CLANG_WARN_STRICT_PROTOTYPES = YES;
				CLANG_WARN_SUSPICIOUS_MOVE = YES;
				CLANG_WARN_UNGUARDED_AVAILABILITY = YES_AGGRESSIVE;
				CLANG_WARN_UNREACHABLE_CODE = YES;
				CLANG_WARN__DUPLICATE_METHOD_MATCH = YES;
				COPY_PHASE_STRIP = NO;
				DEBUG_INFORMATION_FORMAT = "dwarf-with-dsym";
				ENABLE_NS_ASSERTIONS = NO;
				ENABLE_STRICT_OBJC_MSGSEND = YES;
				ENABLE_USER_SCRIPT_SANDBOXING = YES;
				GCC_C_LANGUAGE_STANDARD = gnu17;
				GCC_NO_COMMON_BLOCKS = YES;
				GCC_WARN_64_TO_32_BIT_CONVERSION = YES;
				GCC_WARN_ABOUT_RETURN_TYPE = YES_ERROR;
				GCC_WARN_UNDECLARED_SELECTOR = YES;
				GCC_WARN_UNINITIALIZED_AUTOS = YES_AGGRESSIVE;
				GCC_WARN_UNUSED_FUNCTION = YES;
				GCC_WARN_UNUSED_VARIABLE = YES;
				IPHONEOS_DEPLOYMENT_TARGET = 17.0;
				LOCALIZATION_PREFERS_STRING_CATALOGS = YES;
				MTL_ENABLE_DEBUG_INFO = NO;
				MTL_FAST_MATH = YES;
				SDKROOT = iphoneos;
				SWIFT_COMPILATION_MODE = wholemodule;
				VALIDATE_PRODUCT = YES;
			};
			name = Release;
		};
		644157322B4E8DCE002897FE /* Debug */ = {
			isa = XCBuildConfiguration;
			buildSettings = {
				ASSETCATALOG_COMPILER_APPICON_NAME = AppIcon;
				ASSETCATALOG_COMPILER_GLOBAL_ACCENT_COLOR_NAME = AccentColor;
				CODE_SIGN_IDENTITY = "Apple Development";
				CODE_SIGN_STYLE = Automatic;
				CURRENT_PROJECT_VERSION = 7;
				DEVELOPMENT_TEAM = NBAJVFJ735;
				GENERATE_INFOPLIST_FILE = YES;
				INFOPLIST_FILE = "AR-Tank2/Info.plist";
				INFOPLIST_KEY_CFBundleDisplayName = Scriptank;
				INFOPLIST_KEY_LSApplicationCategoryType = "public.app-category.games";
				INFOPLIST_KEY_NSCameraUsageDescription = "対戦画面を表示するためには許可が必要です。";
				INFOPLIST_KEY_NSHumanReadableCopyright = "";
				INFOPLIST_KEY_NSLocalNetworkUsageDescription = "「みんなであそぶ」機能を使用するには許可が必要です。";
				INFOPLIST_KEY_UIApplicationSupportsIndirectInputEvents = YES;
				INFOPLIST_KEY_UILaunchStoryboardName = LaunchScreen;
				INFOPLIST_KEY_UIMainStoryboardFile = Main;
				INFOPLIST_KEY_UIRequiredDeviceCapabilities = arkit;
				INFOPLIST_KEY_UIStatusBarHidden = YES;
				INFOPLIST_KEY_UIStatusBarStyle = "";
				INFOPLIST_KEY_UISupportedInterfaceOrientations = UIInterfaceOrientationPortrait;
				INFOPLIST_KEY_UISupportedInterfaceOrientations_iPad = "UIInterfaceOrientationLandscapeLeft UIInterfaceOrientationLandscapeRight UIInterfaceOrientationPortrait UIInterfaceOrientationPortraitUpsideDown";
				IPHONEOS_DEPLOYMENT_TARGET = 15.0;
				LD_RUNPATH_SEARCH_PATHS = (
					"$(inherited)",
					"@executable_path/Frameworks",
				);
				MARKETING_VERSION = 1.4;
				PRODUCT_BUNDLE_IDENTIFIER = jtashiro.Scriptank;
				PRODUCT_NAME = "$(TARGET_NAME)";
				PROVISIONING_PROFILE_SPECIFIER = "";
				SUPPORTED_PLATFORMS = "iphoneos iphonesimulator";
				SUPPORTS_MACCATALYST = NO;
				SUPPORTS_MAC_DESIGNED_FOR_IPHONE_IPAD = NO;
				SUPPORTS_XR_DESIGNED_FOR_IPHONE_IPAD = NO;
				SWIFT_EMIT_LOC_STRINGS = YES;
				SWIFT_VERSION = 5.0;
				TARGETED_DEVICE_FAMILY = 1;
			};
			name = Debug;
		};
		644157332B4E8DCE002897FE /* Release */ = {
			isa = XCBuildConfiguration;
			buildSettings = {
				ASSETCATALOG_COMPILER_APPICON_NAME = AppIcon;
				ASSETCATALOG_COMPILER_GLOBAL_ACCENT_COLOR_NAME = AccentColor;
				CODE_SIGN_IDENTITY = "Apple Development";
				CODE_SIGN_STYLE = Automatic;
				CURRENT_PROJECT_VERSION = 7;
				DEVELOPMENT_TEAM = NBAJVFJ735;
				GENERATE_INFOPLIST_FILE = YES;
				INFOPLIST_FILE = "AR-Tank2/Info.plist";
				INFOPLIST_KEY_CFBundleDisplayName = Scriptank;
				INFOPLIST_KEY_LSApplicationCategoryType = "public.app-category.games";
				INFOPLIST_KEY_NSCameraUsageDescription = "対戦画面を表示するためには許可が必要です。";
				INFOPLIST_KEY_NSHumanReadableCopyright = "";
				INFOPLIST_KEY_NSLocalNetworkUsageDescription = "「みんなであそぶ」機能を使用するには許可が必要です。";
				INFOPLIST_KEY_UIApplicationSupportsIndirectInputEvents = YES;
				INFOPLIST_KEY_UILaunchStoryboardName = LaunchScreen;
				INFOPLIST_KEY_UIMainStoryboardFile = Main;
				INFOPLIST_KEY_UIRequiredDeviceCapabilities = arkit;
				INFOPLIST_KEY_UIStatusBarHidden = YES;
				INFOPLIST_KEY_UIStatusBarStyle = "";
				INFOPLIST_KEY_UISupportedInterfaceOrientations = UIInterfaceOrientationPortrait;
				INFOPLIST_KEY_UISupportedInterfaceOrientations_iPad = "UIInterfaceOrientationLandscapeLeft UIInterfaceOrientationLandscapeRight UIInterfaceOrientationPortrait UIInterfaceOrientationPortraitUpsideDown";
				IPHONEOS_DEPLOYMENT_TARGET = 15.0;
				LD_RUNPATH_SEARCH_PATHS = (
					"$(inherited)",
					"@executable_path/Frameworks",
				);
				MARKETING_VERSION = 1.4;
				PRODUCT_BUNDLE_IDENTIFIER = jtashiro.Scriptank;
				PRODUCT_NAME = "$(TARGET_NAME)";
				PROVISIONING_PROFILE_SPECIFIER = "";
				SUPPORTED_PLATFORMS = "iphoneos iphonesimulator";
				SUPPORTS_MACCATALYST = NO;
				SUPPORTS_MAC_DESIGNED_FOR_IPHONE_IPAD = NO;
				SUPPORTS_XR_DESIGNED_FOR_IPHONE_IPAD = NO;
				SWIFT_EMIT_LOC_STRINGS = YES;
				SWIFT_VERSION = 5.0;
				TARGETED_DEVICE_FAMILY = 1;
			};
			name = Release;
		};
		644157352B4E8DCE002897FE /* Debug */ = {
			isa = XCBuildConfiguration;
			buildSettings = {
				ALWAYS_EMBED_SWIFT_STANDARD_LIBRARIES = YES;
				BUNDLE_LOADER = "$(TEST_HOST)";
				CODE_SIGN_STYLE = Automatic;
				CURRENT_PROJECT_VERSION = 1;
				DEVELOPMENT_TEAM = NBAJVFJ735;
				GENERATE_INFOPLIST_FILE = YES;
				IPHONEOS_DEPLOYMENT_TARGET = 17.0;
				MARKETING_VERSION = 1.0;
				PRODUCT_BUNDLE_IDENTIFIER = "jtashiro.AR-Tank2Tests";
				PRODUCT_NAME = "$(TARGET_NAME)";
				SWIFT_EMIT_LOC_STRINGS = NO;
				SWIFT_VERSION = 5.0;
				TARGETED_DEVICE_FAMILY = "1,2";
				TEST_HOST = "$(BUILT_PRODUCTS_DIR)/AR-Tank2.app/$(BUNDLE_EXECUTABLE_FOLDER_PATH)/AR-Tank2";
			};
			name = Debug;
		};
		644157362B4E8DCE002897FE /* Release */ = {
			isa = XCBuildConfiguration;
			buildSettings = {
				ALWAYS_EMBED_SWIFT_STANDARD_LIBRARIES = YES;
				BUNDLE_LOADER = "$(TEST_HOST)";
				CODE_SIGN_STYLE = Automatic;
				CURRENT_PROJECT_VERSION = 1;
				DEVELOPMENT_TEAM = NBAJVFJ735;
				GENERATE_INFOPLIST_FILE = YES;
				IPHONEOS_DEPLOYMENT_TARGET = 17.0;
				MARKETING_VERSION = 1.0;
				PRODUCT_BUNDLE_IDENTIFIER = "jtashiro.AR-Tank2Tests";
				PRODUCT_NAME = "$(TARGET_NAME)";
				SWIFT_EMIT_LOC_STRINGS = NO;
				SWIFT_VERSION = 5.0;
				TARGETED_DEVICE_FAMILY = "1,2";
				TEST_HOST = "$(BUILT_PRODUCTS_DIR)/AR-Tank2.app/$(BUNDLE_EXECUTABLE_FOLDER_PATH)/AR-Tank2";
			};
			name = Release;
		};
		644157382B4E8DCE002897FE /* Debug */ = {
			isa = XCBuildConfiguration;
			buildSettings = {
				ALWAYS_EMBED_SWIFT_STANDARD_LIBRARIES = YES;
				CODE_SIGN_STYLE = Automatic;
				CURRENT_PROJECT_VERSION = 1;
				DEVELOPMENT_TEAM = NBAJVFJ735;
				GENERATE_INFOPLIST_FILE = YES;
				MARKETING_VERSION = 1.0;
				PRODUCT_BUNDLE_IDENTIFIER = "jtashiro.AR-Tank2UITests";
				PRODUCT_NAME = "$(TARGET_NAME)";
				SWIFT_EMIT_LOC_STRINGS = NO;
				SWIFT_VERSION = 5.0;
				TARGETED_DEVICE_FAMILY = "1,2";
				TEST_TARGET_NAME = "AR-Tank2";
			};
			name = Debug;
		};
		644157392B4E8DCE002897FE /* Release */ = {
			isa = XCBuildConfiguration;
			buildSettings = {
				ALWAYS_EMBED_SWIFT_STANDARD_LIBRARIES = YES;
				CODE_SIGN_STYLE = Automatic;
				CURRENT_PROJECT_VERSION = 1;
				DEVELOPMENT_TEAM = NBAJVFJ735;
				GENERATE_INFOPLIST_FILE = YES;
				MARKETING_VERSION = 1.0;
				PRODUCT_BUNDLE_IDENTIFIER = "jtashiro.AR-Tank2UITests";
				PRODUCT_NAME = "$(TARGET_NAME)";
				SWIFT_EMIT_LOC_STRINGS = NO;
				SWIFT_VERSION = 5.0;
				TARGETED_DEVICE_FAMILY = "1,2";
				TEST_TARGET_NAME = "AR-Tank2";
			};
			name = Release;
		};
/* End XCBuildConfiguration section */

/* Begin XCConfigurationList section */
		644157032B4E8DCD002897FE /* Build configuration list for PBXProject "AR-Tank2" */ = {
			isa = XCConfigurationList;
			buildConfigurations = (
				6441572F2B4E8DCE002897FE /* Debug */,
				644157302B4E8DCE002897FE /* Release */,
			);
			defaultConfigurationIsVisible = 0;
			defaultConfigurationName = Release;
		};
		644157312B4E8DCE002897FE /* Build configuration list for PBXNativeTarget "AR-Tank2" */ = {
			isa = XCConfigurationList;
			buildConfigurations = (
				644157322B4E8DCE002897FE /* Debug */,
				644157332B4E8DCE002897FE /* Release */,
			);
			defaultConfigurationIsVisible = 0;
			defaultConfigurationName = Release;
		};
		644157342B4E8DCE002897FE /* Build configuration list for PBXNativeTarget "AR-Tank2Tests" */ = {
			isa = XCConfigurationList;
			buildConfigurations = (
				644157352B4E8DCE002897FE /* Debug */,
				644157362B4E8DCE002897FE /* Release */,
			);
			defaultConfigurationIsVisible = 0;
			defaultConfigurationName = Release;
		};
		644157372B4E8DCE002897FE /* Build configuration list for PBXNativeTarget "AR-Tank2UITests" */ = {
			isa = XCConfigurationList;
			buildConfigurations = (
				644157382B4E8DCE002897FE /* Debug */,
				644157392B4E8DCE002897FE /* Release */,
			);
			defaultConfigurationIsVisible = 0;
			defaultConfigurationName = Release;
		};
/* End XCConfigurationList section */
	};
	rootObject = 644157002B4E8DCD002897FE /* Project object */;
}
